// !$*UTF8*$!
{
	archiveVersion = 1;
	classes = {
	};
	objectVersion = 77;
	objects = {

/* Begin PBXBuildFile section */
		8F4E3AAE2F5A5EC4002AF59A /* NetworkKit in Frameworks */ = {isa = PBXBuildFile; productRef = 8F4E3AAD2F5A5EC4002AF59A /* NetworkKit */; };
		8F4E3C812F5B6471002AF59A /* Assets.xcassets in Resources */ = {isa = PBXBuildFile; fileRef = 8F4E3C7D2F5B6471002AF59A /* Assets.xcassets */; };
		8F4E3C822F5B6471002AF59A /* ContentView.swift in Sources */ = {isa = PBXBuildFile; fileRef = 8F4E3C7E2F5B6471002AF59A /* ContentView.swift */; };
		8F4E3C832F5B6471002AF59A /* thamanyahApp.swift in Sources */ = {isa = PBXBuildFile; fileRef = 8F4E3C7F2F5B6471002AF59A /* thamanyahApp.swift */; };
		8F4E3C862F5B6475002AF59A /* thamanyahTests.swift in Sources */ = {isa = PBXBuildFile; fileRef = 8F4E3C842F5B6475002AF59A /* thamanyahTests.swift */; };
		8F4E3C8A2F5B6479002AF59A /* thamanyahUITests.swift in Sources */ = {isa = PBXBuildFile; fileRef = 8F4E3C872F5B6479002AF59A /* thamanyahUITests.swift */; };
		8F4E3C8B2F5B6479002AF59A /* thamanyahUITestsLaunchTests.swift in Sources */ = {isa = PBXBuildFile; fileRef = 8F4E3C882F5B6479002AF59A /* thamanyahUITestsLaunchTests.swift */; };
		8F4FE0C92F5B696200C68B5B /* HomeDTO.swift in Sources */ = {isa = PBXBuildFile; fileRef = 8F4FE0C82F5B695E00C68B5B /* HomeDTO.swift */; };
		8F4FE0D92F5B6D7900C68B5B /* HomeUseCase.swift in Sources */ = {isa = PBXBuildFile; fileRef = 8F4FE0D82F5B6D7900C68B5B /* HomeUseCase.swift */; };
		8F4FE0DC2F5B6E3100C68B5B /* HomeRepoInterface.swift in Sources */ = {isa = PBXBuildFile; fileRef = 8F4FE0DB2F5B6E3100C68B5B /* HomeRepoInterface.swift */; };
		8F4FE0DE2F5B728200C68B5B /* SectionContent.swift in Sources */ = {isa = PBXBuildFile; fileRef = 8F4FE0DD2F5B728200C68B5B /* SectionContent.swift */; };
		8F4FE0E32F5B733200C68B5B /* HomeRepository.swift in Sources */ = {isa = PBXBuildFile; fileRef = 8F4FE0E22F5B733200C68B5B /* HomeRepository.swift */; };
		8F4FE0E52F5B78D200C68B5B /* HomeTarget.swift in Sources */ = {isa = PBXBuildFile; fileRef = 8F4FE0E42F5B78CF00C68B5B /* HomeTarget.swift */; };
		8F4FE0E72F5B799700C68B5B /* ConcreteModels.swift in Sources */ = {isa = PBXBuildFile; fileRef = 8F4FE0E62F5B799700C68B5B /* ConcreteModels.swift */; };
		8F4FE0EA2F5B7D4400C68B5B /* HomeEntity.swift in Sources */ = {isa = PBXBuildFile; fileRef = 8F4FE0E92F5B7D4000C68B5B /* HomeEntity.swift */; };
		8F4FE2AD2F5CBCBE00C68B5B /* AsyncImage.swift in Sources */ = {isa = PBXBuildFile; fileRef = 8F4FE2AC2F5CBCBE00C68B5B /* AsyncImage.swift */; };
		8F4FE2B02F5CBD1A00C68B5B /* ShimmerModifier.swift in Sources */ = {isa = PBXBuildFile; fileRef = 8F4FE2AF2F5CBD1A00C68B5B /* ShimmerModifier.swift */; };
		8F4FE2B52F5CBF6D00C68B5B /* Font+Extensions.swift in Sources */ = {isa = PBXBuildFile; fileRef = 8F4FE2B42F5CBF6400C68B5B /* Font+Extensions.swift */; };
		8F4FE2BF2F5CC00100C68B5B /* IBMPlexSansArabic-Bold.otf in Resources */ = {isa = PBXBuildFile; fileRef = 8F4FE2B72F5CC00100C68B5B /* IBMPlexSansArabic-Bold.otf */; };
		8F4FE2C02F5CC00100C68B5B /* IBMPlexSansArabic-SemiBold.otf in Resources */ = {isa = PBXBuildFile; fileRef = 8F4FE2BC2F5CC00100C68B5B /* IBMPlexSansArabic-SemiBold.otf */; };
		8F4FE2C12F5CC00100C68B5B /* IBMPlexSansArabic-Regular.otf in Resources */ = {isa = PBXBuildFile; fileRef = 8F4FE2BB2F5CC00100C68B5B /* IBMPlexSansArabic-Regular.otf */; };
		8F4FE2C22F5CC00100C68B5B /* IBMPlexSansArabic-ExtraLight.otf in Resources */ = {isa = PBXBuildFile; fileRef = 8F4FE2B82F5CC00100C68B5B /* IBMPlexSansArabic-ExtraLight.otf */; };
		8F4FE2C32F5CC00100C68B5B /* IBMPlexSansArabic-Medium.otf in Resources */ = {isa = PBXBuildFile; fileRef = 8F4FE2BA2F5CC00100C68B5B /* IBMPlexSansArabic-Medium.otf */; };
		8F4FE2C42F5CC00100C68B5B /* IBMPlexSansArabic-Thin.otf in Resources */ = {isa = PBXBuildFile; fileRef = 8F4FE2BE2F5CC00100C68B5B /* IBMPlexSansArabic-Thin.otf */; };
		8F4FE2C52F5CC00100C68B5B /* IBMPlexSansArabic-Text.otf in Resources */ = {isa = PBXBuildFile; fileRef = 8F4FE2BD2F5CC00100C68B5B /* IBMPlexSansArabic-Text.otf */; };
		8F4FE2C62F5CC00100C68B5B /* IBMPlexSansArabic-Light.otf in Resources */ = {isa = PBXBuildFile; fileRef = 8F4FE2B92F5CC00100C68B5B /* IBMPlexSansArabic-Light.otf */; };
/* End PBXBuildFile section */

/* Begin PBXContainerItemProxy section */
		8F4E3A622F5A5870002AF59A /* PBXContainerItemProxy */ = {
			isa = PBXContainerItemProxy;
			containerPortal = 8F4E3A4C2F5A586F002AF59A /* Project object */;
			proxyType = 1;
			remoteGlobalIDString = 8F4E3A532F5A586F002AF59A;
			remoteInfo = thamanyah;
		};
		8F4E3A6C2F5A5870002AF59A /* PBXContainerItemProxy */ = {
			isa = PBXContainerItemProxy;
			containerPortal = 8F4E3A4C2F5A586F002AF59A /* Project object */;
			proxyType = 1;
			remoteGlobalIDString = 8F4E3A532F5A586F002AF59A;
			remoteInfo = thamanyah;
		};
/* End PBXContainerItemProxy section */

/* Begin PBXFileReference section */
		8F4E3A542F5A586F002AF59A /* thamanyah.app */ = {isa = PBXFileReference; explicitFileType = wrapper.application; includeInIndex = 0; path = thamanyah.app; sourceTree = BUILT_PRODUCTS_DIR; };
		8F4E3A612F5A5870002AF59A /* thamanyahTests.xctest */ = {isa = PBXFileReference; explicitFileType = wrapper.cfbundle; includeInIndex = 0; path = thamanyahTests.xctest; sourceTree = BUILT_PRODUCTS_DIR; };
		8F4E3A6B2F5A5870002AF59A /* thamanyahUITests.xctest */ = {isa = PBXFileReference; explicitFileType = wrapper.cfbundle; includeInIndex = 0; path = thamanyahUITests.xctest; sourceTree = BUILT_PRODUCTS_DIR; };
		8F4E3C7D2F5B6471002AF59A /* Assets.xcassets */ = {isa = PBXFileReference; lastKnownFileType = folder.assetcatalog; path = Assets.xcassets; sourceTree = "<group>"; };
		8F4E3C7E2F5B6471002AF59A /* ContentView.swift */ = {isa = PBXFileReference; lastKnownFileType = sourcecode.swift; path = ContentView.swift; sourceTree = "<group>"; };
		8F4E3C7F2F5B6471002AF59A /* thamanyahApp.swift */ = {isa = PBXFileReference; lastKnownFileType = sourcecode.swift; path = thamanyahApp.swift; sourceTree = "<group>"; };
		8F4E3C842F5B6475002AF59A /* thamanyahTests.swift */ = {isa = PBXFileReference; lastKnownFileType = sourcecode.swift; path = thamanyahTests.swift; sourceTree = "<group>"; };
		8F4E3C872F5B6479002AF59A /* thamanyahUITests.swift */ = {isa = PBXFileReference; lastKnownFileType = sourcecode.swift; path = thamanyahUITests.swift; sourceTree = "<group>"; };
		8F4E3C882F5B6479002AF59A /* thamanyahUITestsLaunchTests.swift */ = {isa = PBXFileReference; lastKnownFileType = sourcecode.swift; path = thamanyahUITestsLaunchTests.swift; sourceTree = "<group>"; };
		8F4FE0C82F5B695E00C68B5B /* HomeDTO.swift */ = {isa = PBXFileReference; lastKnownFileType = sourcecode.swift; path = HomeDTO.swift; sourceTree = "<group>"; };
		8F4FE0D82F5B6D7900C68B5B /* HomeUseCase.swift */ = {isa = PBXFileReference; lastKnownFileType = sourcecode.swift; path = HomeUseCase.swift; sourceTree = "<group>"; };
		8F4FE0DB2F5B6E3100C68B5B /* HomeRepoInterface.swift */ = {isa = PBXFileReference; lastKnownFileType = sourcecode.swift; path = HomeRepoInterface.swift; sourceTree = "<group>"; };
		8F4FE0DD2F5B728200C68B5B /* SectionContent.swift */ = {isa = PBXFileReference; lastKnownFileType = sourcecode.swift; path = SectionContent.swift; sourceTree = "<group>"; };
		8F4FE0E22F5B733200C68B5B /* HomeRepository.swift */ = {isa = PBXFileReference; lastKnownFileType = sourcecode.swift; path = HomeRepository.swift; sourceTree = "<group>"; };
		8F4FE0E42F5B78CF00C68B5B /* HomeTarget.swift */ = {isa = PBXFileReference; lastKnownFileType = sourcecode.swift; path = HomeTarget.swift; sourceTree = "<group>"; };
		8F4FE0E62F5B799700C68B5B /* ConcreteModels.swift */ = {isa = PBXFileReference; lastKnownFileType = sourcecode.swift; path = ConcreteModels.swift; sourceTree = "<group>"; };
		8F4FE0E92F5B7D4000C68B5B /* HomeEntity.swift */ = {isa = PBXFileReference; lastKnownFileType = sourcecode.swift; path = HomeEntity.swift; sourceTree = "<group>"; };
		8F4FE2AC2F5CBCBE00C68B5B /* AsyncImage.swift */ = {isa = PBXFileReference; lastKnownFileType = sourcecode.swift; path = AsyncImage.swift; sourceTree = "<group>"; };
		8F4FE2AF2F5CBD1A00C68B5B /* ShimmerModifier.swift */ = {isa = PBXFileReference; lastKnownFileType = sourcecode.swift; path = ShimmerModifier.swift; sourceTree = "<group>"; };
		8F4FE2B42F5CBF6400C68B5B /* Font+Extensions.swift */ = {isa = PBXFileReference; lastKnownFileType = sourcecode.swift; path = "Font+Extensions.swift"; sourceTree = "<group>"; };
		8F4FE2B72F5CC00100C68B5B /* IBMPlexSansArabic-Bold.otf */ = {isa = PBXFileReference; lastKnownFileType = file; path = "IBMPlexSansArabic-Bold.otf"; sourceTree = "<group>"; };
		8F4FE2B82F5CC00100C68B5B /* IBMPlexSansArabic-ExtraLight.otf */ = {isa = PBXFileReference; lastKnownFileType = file; path = "IBMPlexSansArabic-ExtraLight.otf"; sourceTree = "<group>"; };
		8F4FE2B92F5CC00100C68B5B /* IBMPlexSansArabic-Light.otf */ = {isa = PBXFileReference; lastKnownFileType = file; path = "IBMPlexSansArabic-Light.otf"; sourceTree = "<group>"; };
		8F4FE2BA2F5CC00100C68B5B /* IBMPlexSansArabic-Medium.otf */ = {isa = PBXFileReference; lastKnownFileType = file; path = "IBMPlexSansArabic-Medium.otf"; sourceTree = "<group>"; };
		8F4FE2BB2F5CC00100C68B5B /* IBMPlexSansArabic-Regular.otf */ = {isa = PBXFileReference; lastKnownFileType = file; path = "IBMPlexSansArabic-Regular.otf"; sourceTree = "<group>"; };
		8F4FE2BC2F5CC00100C68B5B /* IBMPlexSansArabic-SemiBold.otf */ = {isa = PBXFileReference; lastKnownFileType = file; path = "IBMPlexSansArabic-SemiBold.otf"; sourceTree = "<group>"; };
		8F4FE2BD2F5CC00100C68B5B /* IBMPlexSansArabic-Text.otf */ = {isa = PBXFileReference; lastKnownFileType = file; path = "IBMPlexSansArabic-Text.otf"; sourceTree = "<group>"; };
		8F4FE2BE2F5CC00100C68B5B /* IBMPlexSansArabic-Thin.otf */ = {isa = PBXFileReference; lastKnownFileType = file; path = "IBMPlexSansArabic-Thin.otf"; sourceTree = "<group>"; };
/* End PBXFileReference section */

/* Begin PBXFrameworksBuildPhase section */
		8F4E3A512F5A586F002AF59A /* Frameworks */ = {
			isa = PBXFrameworksBuildPhase;
			buildActionMask = 2147483647;
			files = (
				8F4E3AAE2F5A5EC4002AF59A /* NetworkKit in Frameworks */,
			);
			runOnlyForDeploymentPostprocessing = 0;
		};
		8F4E3A5E2F5A5870002AF59A /* Frameworks */ = {
			isa = PBXFrameworksBuildPhase;
			buildActionMask = 2147483647;
			files = (
			);
			runOnlyForDeploymentPostprocessing = 0;
		};
		8F4E3A682F5A5870002AF59A /* Frameworks */ = {
			isa = PBXFrameworksBuildPhase;
			buildActionMask = 2147483647;
			files = (
			);
			runOnlyForDeploymentPostprocessing = 0;
		};
/* End PBXFrameworksBuildPhase section */

/* Begin PBXGroup section */
		8F4E3A4B2F5A586F002AF59A = {
			isa = PBXGroup;
			children = (
				8F4E3C802F5B6471002AF59A /* thamanyah */,
				8F4E3C852F5B6475002AF59A /* thamanyahTests */,
				8F4E3C892F5B6479002AF59A /* thamanyahUITests */,
				8F4E3A552F5A586F002AF59A /* Products */,
			);
			sourceTree = "<group>";
		};
		8F4E3A552F5A586F002AF59A /* Products */ = {
			isa = PBXGroup;
			children = (
				8F4E3A542F5A586F002AF59A /* thamanyah.app */,
				8F4E3A612F5A5870002AF59A /* thamanyahTests.xctest */,
				8F4E3A6B2F5A5870002AF59A /* thamanyahUITests.xctest */,
			);
			name = Products;
			sourceTree = "<group>";
		};
		8F4E3C712F5B6471002AF59A /* App */ = {
			isa = PBXGroup;
			children = (
				8F4FE2AB2F5CBCB600C68B5B /* UIComponents */,
			);
			path = App;
			sourceTree = "<group>";
		};
		8F4E3C722F5B6471002AF59A /* Core */ = {
			isa = PBXGroup;
			children = (
			);
			path = Core;
			sourceTree = "<group>";
		};
		8F4E3C732F5B6471002AF59A /* Resources */ = {
			isa = PBXGroup;
			children = (
				8F4E3C7D2F5B6471002AF59A /* Assets.xcassets */,
				8F4FE2B62F5CBF9000C68B5B /* Fonts */,
			);
			path = Resources;
			sourceTree = "<group>";
		};
		8F4E3C742F5B6471002AF59A /* Data */ = {
			isa = PBXGroup;
			children = (
				8F4FE0E12F5B731700C68B5B /* Target */,
				8F4FE0DF2F5B72F800C68B5B /* DTOs */,
				8F4FE0E02F5B730200C68B5B /* Repositories */,
			);
			path = Data;
			sourceTree = "<group>";
		};
		8F4E3C752F5B6471002AF59A /* Domain */ = {
			isa = PBXGroup;
			children = (
				8F4FE0E82F5B7CD000C68B5B /* Entities */,
				8F4FE0DA2F5B6E2600C68B5B /* Repositories */,
				8F4FE0D72F5B6D6C00C68B5B /* UseCase */,
			);
			path = Domain;
			sourceTree = "<group>";
		};
		8F4E3C762F5B6471002AF59A /* Presentation */ = {
			isa = PBXGroup;
			children = (
			);
			path = Presentation;
			sourceTree = "<group>";
		};
		8F4E3C772F5B6471002AF59A /* Home */ = {
			isa = PBXGroup;
			children = (
				8F4E3C742F5B6471002AF59A /* Data */,
				8F4E3C752F5B6471002AF59A /* Domain */,
				8F4E3C762F5B6471002AF59A /* Presentation */,
			);
			path = Home;
			sourceTree = "<group>";
		};
		8F4E3C782F5B6471002AF59A /* Data */ = {
			isa = PBXGroup;
			children = (
			);
			path = Data;
			sourceTree = "<group>";
		};
		8F4E3C792F5B6471002AF59A /* Domain */ = {
			isa = PBXGroup;
			children = (
			);
			path = Domain;
			sourceTree = "<group>";
		};
		8F4E3C7A2F5B6471002AF59A /* Presentation */ = {
			isa = PBXGroup;
			children = (
			);
			path = Presentation;
			sourceTree = "<group>";
		};
		8F4E3C7B2F5B6471002AF59A /* Search */ = {
			isa = PBXGroup;
			children = (
				8F4E3C782F5B6471002AF59A /* Data */,
				8F4E3C792F5B6471002AF59A /* Domain */,
				8F4E3C7A2F5B6471002AF59A /* Presentation */,
			);
			path = Search;
			sourceTree = "<group>";
		};
		8F4E3C7C2F5B6471002AF59A /* Scenes */ = {
			isa = PBXGroup;
			children = (
				8F4E3C772F5B6471002AF59A /* Home */,
				8F4E3C7B2F5B6471002AF59A /* Search */,
			);
			path = Scenes;
			sourceTree = "<group>";
		};
		8F4E3C802F5B6471002AF59A /* thamanyah */ = {
			isa = PBXGroup;
			children = (
				8F4E3C712F5B6471002AF59A /* App */,
				8F4E3C722F5B6471002AF59A /* Core */,
				8F4E3C732F5B6471002AF59A /* Resources */,
				8F4E3C7C2F5B6471002AF59A /* Scenes */,
				8F4E3C7E2F5B6471002AF59A /* ContentView.swift */,
				8F4E3C7F2F5B6471002AF59A /* thamanyahApp.swift */,
			);
			path = thamanyah;
			sourceTree = "<group>";
		};
		8F4E3C852F5B6475002AF59A /* thamanyahTests */ = {
			isa = PBXGroup;
			children = (
				8F4E3C842F5B6475002AF59A /* thamanyahTests.swift */,
			);
			path = thamanyahTests;
			sourceTree = "<group>";
		};
		8F4E3C892F5B6479002AF59A /* thamanyahUITests */ = {
			isa = PBXGroup;
			children = (
				8F4E3C872F5B6479002AF59A /* thamanyahUITests.swift */,
				8F4E3C882F5B6479002AF59A /* thamanyahUITestsLaunchTests.swift */,
			);
			path = thamanyahUITests;
			sourceTree = "<group>";
		};
		8F4FE0D72F5B6D6C00C68B5B /* UseCase */ = {
			isa = PBXGroup;
			children = (
				8F4FE0D82F5B6D7900C68B5B /* HomeUseCase.swift */,
			);
			path = UseCase;
			sourceTree = "<group>";
		};
		8F4FE0DA2F5B6E2600C68B5B /* Repositories */ = {
			isa = PBXGroup;
			children = (
				8F4FE0DB2F5B6E3100C68B5B /* HomeRepoInterface.swift */,
			);
			path = Repositories;
			sourceTree = "<group>";
		};
		8F4FE0DF2F5B72F800C68B5B /* DTOs */ = {
			isa = PBXGroup;
			children = (
				8F4FE0C82F5B695E00C68B5B /* HomeDTO.swift */,
				8F4FE0DD2F5B728200C68B5B /* SectionContent.swift */,
				8F4FE0E62F5B799700C68B5B /* ConcreteModels.swift */,
			);
			path = DTOs;
			sourceTree = "<group>";
		};
		8F4FE0E02F5B730200C68B5B /* Repositories */ = {
			isa = PBXGroup;
			children = (
				8F4FE0E22F5B733200C68B5B /* HomeRepository.swift */,
			);
			path = Repositories;
			sourceTree = "<group>";
		};
		8F4FE0E12F5B731700C68B5B /* Target */ = {
			isa = PBXGroup;
			children = (
				8F4FE0E42F5B78CF00C68B5B /* HomeTarget.swift */,
			);
			path = Target;
			sourceTree = "<group>";
		};
		8F4FE0E82F5B7CD000C68B5B /* Entities */ = {
			isa = PBXGroup;
			children = (
				8F4FE0E92F5B7D4000C68B5B /* HomeEntity.swift */,
			);
			path = Entities;
			sourceTree = "<group>";
		};
		8F4FE2AB2F5CBCB600C68B5B /* UIComponents */ = {
			isa = PBXGroup;
			children = (
				8F4FE2AC2F5CBCBE00C68B5B /* AsyncImage.swift */,
			);
			path = UIComponents;
			sourceTree = "<group>";
		};
		8F4FE2AE2F5CBCCC00C68B5B /* Modifiers */ = {
			isa = PBXGroup;
			children = (
				8F4FE2AF2F5CBD1A00C68B5B /* ShimmerModifier.swift */,
			);
			path = Modifiers;
			sourceTree = "<group>";
		};
		8F4FE2B62F5CBF9000C68B5B /* Fonts */ = {
			isa = PBXGroup;
			children = (
				8F4FE2B72F5CC00100C68B5B /* IBMPlexSansArabic-Bold.otf */,
				8F4FE2B82F5CC00100C68B5B /* IBMPlexSansArabic-ExtraLight.otf */,
				8F4FE2B92F5CC00100C68B5B /* IBMPlexSansArabic-Light.otf */,
				8F4FE2BA2F5CC00100C68B5B /* IBMPlexSansArabic-Medium.otf */,
				8F4FE2BB2F5CC00100C68B5B /* IBMPlexSansArabic-Regular.otf */,
				8F4FE2BC2F5CC00100C68B5B /* IBMPlexSansArabic-SemiBold.otf */,
				8F4FE2BD2F5CC00100C68B5B /* IBMPlexSansArabic-Text.otf */,
				8F4FE2BE2F5CC00100C68B5B /* IBMPlexSansArabic-Thin.otf */,
			);
			path = Fonts;
			sourceTree = "<group>";
		};
/* End PBXGroup section */

/* Begin PBXNativeTarget section */
		8F4E3A532F5A586F002AF59A /* thamanyah */ = {
			isa = PBXNativeTarget;
			buildConfigurationList = 8F4E3A752F5A5870002AF59A /* Build configuration list for PBXNativeTarget "thamanyah" */;
			buildPhases = (
				8F4E3A502F5A586F002AF59A /* Sources */,
				8F4E3A512F5A586F002AF59A /* Frameworks */,
				8F4E3A522F5A586F002AF59A /* Resources */,
			);
			buildRules = (
			);
			dependencies = (
			);
			name = thamanyah;
			packageProductDependencies = (
				8F4E3AAD2F5A5EC4002AF59A /* NetworkKit */,
			);
			productName = thamanyah;
			productReference = 8F4E3A542F5A586F002AF59A /* thamanyah.app */;
			productType = "com.apple.product-type.application";
		};
		8F4E3A602F5A5870002AF59A /* thamanyahTests */ = {
			isa = PBXNativeTarget;
			buildConfigurationList = 8F4E3A782F5A5870002AF59A /* Build configuration list for PBXNativeTarget "thamanyahTests" */;
			buildPhases = (
				8F4E3A5D2F5A5870002AF59A /* Sources */,
				8F4E3A5E2F5A5870002AF59A /* Frameworks */,
				8F4E3A5F2F5A5870002AF59A /* Resources */,
			);
			buildRules = (
			);
			dependencies = (
				8F4E3A632F5A5870002AF59A /* PBXTargetDependency */,
			);
			name = thamanyahTests;
			packageProductDependencies = (
			);
			productName = thamanyahTests;
			productReference = 8F4E3A612F5A5870002AF59A /* thamanyahTests.xctest */;
			productType = "com.apple.product-type.bundle.unit-test";
		};
		8F4E3A6A2F5A5870002AF59A /* thamanyahUITests */ = {
			isa = PBXNativeTarget;
			buildConfigurationList = 8F4E3A7B2F5A5870002AF59A /* Build configuration list for PBXNativeTarget "thamanyahUITests" */;
			buildPhases = (
				8F4E3A672F5A5870002AF59A /* Sources */,
				8F4E3A682F5A5870002AF59A /* Frameworks */,
				8F4E3A692F5A5870002AF59A /* Resources */,
			);
			buildRules = (
			);
			dependencies = (
				8F4E3A6D2F5A5870002AF59A /* PBXTargetDependency */,
			);
			name = thamanyahUITests;
			packageProductDependencies = (
			);
			productName = thamanyahUITests;
			productReference = 8F4E3A6B2F5A5870002AF59A /* thamanyahUITests.xctest */;
			productType = "com.apple.product-type.bundle.ui-testing";
		};
/* End PBXNativeTarget section */

/* Begin PBXProject section */
		8F4E3A4C2F5A586F002AF59A /* Project object */ = {
			isa = PBXProject;
			attributes = {
				BuildIndependentTargetsInParallel = 1;
				LastSwiftUpdateCheck = 2610;
				LastUpgradeCheck = 2610;
				TargetAttributes = {
					8F4E3A532F5A586F002AF59A = {
						CreatedOnToolsVersion = 26.1.1;
					};
					8F4E3A602F5A5870002AF59A = {
						CreatedOnToolsVersion = 26.1.1;
						TestTargetID = 8F4E3A532F5A586F002AF59A;
					};
					8F4E3A6A2F5A5870002AF59A = {
						CreatedOnToolsVersion = 26.1.1;
						TestTargetID = 8F4E3A532F5A586F002AF59A;
					};
				};
			};
			buildConfigurationList = 8F4E3A4F2F5A586F002AF59A /* Build configuration list for PBXProject "thamanyah" */;
			developmentRegion = en;
			hasScannedForEncodings = 0;
			knownRegions = (
				en,
				Base,
			);
			mainGroup = 8F4E3A4B2F5A586F002AF59A;
			minimizedProjectReferenceProxies = 1;
			packageReferences = (
				8F4E3AAC2F5A5EC4002AF59A /* XCRemoteSwiftPackageReference "Network-Kit" */,
			);
			preferredProjectObjectVersion = 77;
			productRefGroup = 8F4E3A552F5A586F002AF59A /* Products */;
			projectDirPath = "";
			projectRoot = "";
			targets = (
				8F4E3A532F5A586F002AF59A /* thamanyah */,
				8F4E3A602F5A5870002AF59A /* thamanyahTests */,
				8F4E3A6A2F5A5870002AF59A /* thamanyahUITests */,
			);
		};
/* End PBXProject section */

/* Begin PBXResourcesBuildPhase section */
		8F4E3A522F5A586F002AF59A /* Resources */ = {
			isa = PBXResourcesBuildPhase;
			buildActionMask = 2147483647;
			files = (
				8F4E3C812F5B6471002AF59A /* Assets.xcassets in Resources */,
				8F4FE2BF2F5CC00100C68B5B /* IBMPlexSansArabic-Bold.otf in Resources */,
				8F4FE2C02F5CC00100C68B5B /* IBMPlexSansArabic-SemiBold.otf in Resources */,
				8F4FE2C12F5CC00100C68B5B /* IBMPlexSansArabic-Regular.otf in Resources */,
				8F4FE2C22F5CC00100C68B5B /* IBMPlexSansArabic-ExtraLight.otf in Resources */,
				8F4FE2C32F5CC00100C68B5B /* IBMPlexSansArabic-Medium.otf in Resources */,
				8F4FE2C42F5CC00100C68B5B /* IBMPlexSansArabic-Thin.otf in Resources */,
				8F4FE2C52F5CC00100C68B5B /* IBMPlexSansArabic-Text.otf in Resources */,
				8F4FE2C62F5CC00100C68B5B /* IBMPlexSansArabic-Light.otf in Resources */,
			);
			runOnlyForDeploymentPostprocessing = 0;
		};
		8F4E3A5F2F5A5870002AF59A /* Resources */ = {
			isa = PBXResourcesBuildPhase;
			buildActionMask = 2147483647;
			files = (
			);
			runOnlyForDeploymentPostprocessing = 0;
		};
		8F4E3A692F5A5870002AF59A /* Resources */ = {
			isa = PBXResourcesBuildPhase;
			buildActionMask = 2147483647;
			files = (
			);
			runOnlyForDeploymentPostprocessing = 0;
		};
/* End PBXResourcesBuildPhase section */

/* Begin PBXSourcesBuildPhase section */
		8F4E3A502F5A586F002AF59A /* Sources */ = {
			isa = PBXSourcesBuildPhase;
			buildActionMask = 2147483647;
			files = (
				8F4E3C822F5B6471002AF59A /* ContentView.swift in Sources */,
				8F4FE0D92F5B6D7900C68B5B /* HomeUseCase.swift in Sources */,
				8F4FE0EA2F5B7D4400C68B5B /* HomeEntity.swift in Sources */,
				8F4FE0E72F5B799700C68B5B /* ConcreteModels.swift in Sources */,
				8F4FE2B52F5CBF6D00C68B5B /* Font+Extensions.swift in Sources */,
				8F4FE0E52F5B78D200C68B5B /* HomeTarget.swift in Sources */,
				8F4E3C832F5B6471002AF59A /* thamanyahApp.swift in Sources */,
				8F4FE2B02F5CBD1A00C68B5B /* ShimmerModifier.swift in Sources */,
				8F4FE0C92F5B696200C68B5B /* HomeDTO.swift in Sources */,
				8F4FE0DE2F5B728200C68B5B /* ContentItem.swift in Sources */,
				8F4FE2AD2F5CBCBE00C68B5B /* AsyncImage.swift in Sources */,
				8F4FE0DE2F5B728200C68B5B /* SectionContent.swift in Sources */,
				8F4FE0E32F5B733200C68B5B /* HomeRepository.swift in Sources */,
				8F4FE0DC2F5B6E3100C68B5B /* HomeRepoInterface.swift in Sources */,
			);
			runOnlyForDeploymentPostprocessing = 0;
		};
		8F4E3A5D2F5A5870002AF59A /* Sources */ = {
			isa = PBXSourcesBuildPhase;
			buildActionMask = 2147483647;
			files = (
				8F4E3C862F5B6475002AF59A /* thamanyahTests.swift in Sources */,
			);
			runOnlyForDeploymentPostprocessing = 0;
		};
		8F4E3A672F5A5870002AF59A /* Sources */ = {
			isa = PBXSourcesBuildPhase;
			buildActionMask = 2147483647;
			files = (
				8F4E3C8A2F5B6479002AF59A /* thamanyahUITests.swift in Sources */,
				8F4E3C8B2F5B6479002AF59A /* thamanyahUITestsLaunchTests.swift in Sources */,
			);
			runOnlyForDeploymentPostprocessing = 0;
		};
/* End PBXSourcesBuildPhase section */

/* Begin PBXTargetDependency section */
		8F4E3A632F5A5870002AF59A /* PBXTargetDependency */ = {
			isa = PBXTargetDependency;
			target = 8F4E3A532F5A586F002AF59A /* thamanyah */;
			targetProxy = 8F4E3A622F5A5870002AF59A /* PBXContainerItemProxy */;
		};
		8F4E3A6D2F5A5870002AF59A /* PBXTargetDependency */ = {
			isa = PBXTargetDependency;
			target = 8F4E3A532F5A586F002AF59A /* thamanyah */;
			targetProxy = 8F4E3A6C2F5A5870002AF59A /* PBXContainerItemProxy */;
		};
/* End PBXTargetDependency section */

/* Begin XCBuildConfiguration section */
		8F4E3A732F5A5870002AF59A /* Debug */ = {
			isa = XCBuildConfiguration;
			buildSettings = {
				ALWAYS_SEARCH_USER_PATHS = NO;
				ASSETCATALOG_COMPILER_GENERATE_SWIFT_ASSET_SYMBOL_EXTENSIONS = YES;
				CLANG_ANALYZER_NONNULL = YES;
				CLANG_ANALYZER_NUMBER_OBJECT_CONVERSION = YES_AGGRESSIVE;
				CLANG_CXX_LANGUAGE_STANDARD = "gnu++20";
				CLANG_ENABLE_MODULES = YES;
				CLANG_ENABLE_OBJC_ARC = YES;
				CLANG_ENABLE_OBJC_WEAK = YES;
				CLANG_WARN_BLOCK_CAPTURE_AUTORELEASING = YES;
				CLANG_WARN_BOOL_CONVERSION = YES;
				CLANG_WARN_COMMA = YES;
				CLANG_WARN_CONSTANT_CONVERSION = YES;
				CLANG_WARN_DEPRECATED_OBJC_IMPLEMENTATIONS = YES;
				CLANG_WARN_DIRECT_OBJC_ISA_USAGE = YES_ERROR;
				CLANG_WARN_DOCUMENTATION_COMMENTS = YES;
				CLANG_WARN_EMPTY_BODY = YES;
				CLANG_WARN_ENUM_CONVERSION = YES;
				CLANG_WARN_INFINITE_RECURSION = YES;
				CLANG_WARN_INT_CONVERSION = YES;
				CLANG_WARN_NON_LITERAL_NULL_CONVERSION = YES;
				CLANG_WARN_OBJC_IMPLICIT_RETAIN_SELF = YES;
				CLANG_WARN_OBJC_LITERAL_CONVERSION = YES;
				CLANG_WARN_OBJC_ROOT_CLASS = YES_ERROR;
				CLANG_WARN_QUOTED_INCLUDE_IN_FRAMEWORK_HEADER = YES;
				CLANG_WARN_RANGE_LOOP_ANALYSIS = YES;
				CLANG_WARN_STRICT_PROTOTYPES = YES;
				CLANG_WARN_SUSPICIOUS_MOVE = YES;
				CLANG_WARN_UNGUARDED_AVAILABILITY = YES_AGGRESSIVE;
				CLANG_WARN_UNREACHABLE_CODE = YES;
				CLANG_WARN__DUPLICATE_METHOD_MATCH = YES;
				COPY_PHASE_STRIP = NO;
				DEBUG_INFORMATION_FORMAT = dwarf;
				DEVELOPMENT_TEAM = AZV7ZYMVRT;
				ENABLE_STRICT_OBJC_MSGSEND = YES;
				ENABLE_TESTABILITY = YES;
				ENABLE_USER_SCRIPT_SANDBOXING = YES;
				GCC_C_LANGUAGE_STANDARD = gnu17;
				GCC_DYNAMIC_NO_PIC = NO;
				GCC_NO_COMMON_BLOCKS = YES;
				GCC_OPTIMIZATION_LEVEL = 0;
				GCC_PREPROCESSOR_DEFINITIONS = (
					"DEBUG=1",
					"$(inherited)",
				);
				GCC_WARN_64_TO_32_BIT_CONVERSION = YES;
				GCC_WARN_ABOUT_RETURN_TYPE = YES_ERROR;
				GCC_WARN_UNDECLARED_SELECTOR = YES;
				GCC_WARN_UNINITIALIZED_AUTOS = YES_AGGRESSIVE;
				GCC_WARN_UNUSED_FUNCTION = YES;
				GCC_WARN_UNUSED_VARIABLE = YES;
				IPHONEOS_DEPLOYMENT_TARGET = 26.1;
				LOCALIZATION_PREFERS_STRING_CATALOGS = YES;
				MTL_ENABLE_DEBUG_INFO = INCLUDE_SOURCE;
				MTL_FAST_MATH = YES;
				ONLY_ACTIVE_ARCH = YES;
				SDKROOT = iphoneos;
				SWIFT_ACTIVE_COMPILATION_CONDITIONS = "DEBUG $(inherited)";
				SWIFT_OPTIMIZATION_LEVEL = "-Onone";
			};
			name = Debug;
		};
		8F4E3A742F5A5870002AF59A /* Release */ = {
			isa = XCBuildConfiguration;
			buildSettings = {
				ALWAYS_SEARCH_USER_PATHS = NO;
				ASSETCATALOG_COMPILER_GENERATE_SWIFT_ASSET_SYMBOL_EXTENSIONS = YES;
				CLANG_ANALYZER_NONNULL = YES;
				CLANG_ANALYZER_NUMBER_OBJECT_CONVERSION = YES_AGGRESSIVE;
				CLANG_CXX_LANGUAGE_STANDARD = "gnu++20";
				CLANG_ENABLE_MODULES = YES;
				CLANG_ENABLE_OBJC_ARC = YES;
				CLANG_ENABLE_OBJC_WEAK = YES;
				CLANG_WARN_BLOCK_CAPTURE_AUTORELEASING = YES;
				CLANG_WARN_BOOL_CONVERSION = YES;
				CLANG_WARN_COMMA = YES;
				CLANG_WARN_CONSTANT_CONVERSION = YES;
				CLANG_WARN_DEPRECATED_OBJC_IMPLEMENTATIONS = YES;
				CLANG_WARN_DIRECT_OBJC_ISA_USAGE = YES_ERROR;
				CLANG_WARN_DOCUMENTATION_COMMENTS = YES;
				CLANG_WARN_EMPTY_BODY = YES;
				CLANG_WARN_ENUM_CONVERSION = YES;
				CLANG_WARN_INFINITE_RECURSION = YES;
				CLANG_WARN_INT_CONVERSION = YES;
				CLANG_WARN_NON_LITERAL_NULL_CONVERSION = YES;
				CLANG_WARN_OBJC_IMPLICIT_RETAIN_SELF = YES;
				CLANG_WARN_OBJC_LITERAL_CONVERSION = YES;
				CLANG_WARN_OBJC_ROOT_CLASS = YES_ERROR;
				CLANG_WARN_QUOTED_INCLUDE_IN_FRAMEWORK_HEADER = YES;
				CLANG_WARN_RANGE_LOOP_ANALYSIS = YES;
				CLANG_WARN_STRICT_PROTOTYPES = YES;
				CLANG_WARN_SUSPICIOUS_MOVE = YES;
				CLANG_WARN_UNGUARDED_AVAILABILITY = YES_AGGRESSIVE;
				CLANG_WARN_UNREACHABLE_CODE = YES;
				CLANG_WARN__DUPLICATE_METHOD_MATCH = YES;
				COPY_PHASE_STRIP = NO;
				DEBUG_INFORMATION_FORMAT = "dwarf-with-dsym";
				DEVELOPMENT_TEAM = AZV7ZYMVRT;
				ENABLE_NS_ASSERTIONS = NO;
				ENABLE_STRICT_OBJC_MSGSEND = YES;
				ENABLE_USER_SCRIPT_SANDBOXING = YES;
				GCC_C_LANGUAGE_STANDARD = gnu17;
				GCC_NO_COMMON_BLOCKS = YES;
				GCC_WARN_64_TO_32_BIT_CONVERSION = YES;
				GCC_WARN_ABOUT_RETURN_TYPE = YES_ERROR;
				GCC_WARN_UNDECLARED_SELECTOR = YES;
				GCC_WARN_UNINITIALIZED_AUTOS = YES_AGGRESSIVE;
				GCC_WARN_UNUSED_FUNCTION = YES;
				GCC_WARN_UNUSED_VARIABLE = YES;
				IPHONEOS_DEPLOYMENT_TARGET = 26.1;
				LOCALIZATION_PREFERS_STRING_CATALOGS = YES;
				MTL_ENABLE_DEBUG_INFO = NO;
				MTL_FAST_MATH = YES;
				SDKROOT = iphoneos;
				SWIFT_COMPILATION_MODE = wholemodule;
				VALIDATE_PRODUCT = YES;
			};
			name = Release;
		};
		8F4E3A762F5A5870002AF59A /* Debug */ = {
			isa = XCBuildConfiguration;
			buildSettings = {
				ASSETCATALOG_COMPILER_APPICON_NAME = AppIcon;
				ASSETCATALOG_COMPILER_GLOBAL_ACCENT_COLOR_NAME = AccentColor;
				CODE_SIGN_STYLE = Automatic;
				CURRENT_PROJECT_VERSION = 1;
				DEVELOPMENT_TEAM = AZV7ZYMVRT;
				ENABLE_PREVIEWS = YES;
				GENERATE_INFOPLIST_FILE = YES;
				INFOPLIST_KEY_UIApplicationSceneManifest_Generation = YES;
				INFOPLIST_KEY_UIApplicationSupportsIndirectInputEvents = YES;
				INFOPLIST_KEY_UILaunchScreen_Generation = YES;
				INFOPLIST_KEY_UISupportedInterfaceOrientations_iPad = "UIInterfaceOrientationPortrait UIInterfaceOrientationPortraitUpsideDown UIInterfaceOrientationLandscapeLeft UIInterfaceOrientationLandscapeRight";
				INFOPLIST_KEY_UISupportedInterfaceOrientations_iPhone = "UIInterfaceOrientationPortrait UIInterfaceOrientationLandscapeLeft UIInterfaceOrientationLandscapeRight";
				LD_RUNPATH_SEARCH_PATHS = (
					"$(inherited)",
					"@executable_path/Frameworks",
				);
				MARKETING_VERSION = 1.0;
				PRODUCT_BUNDLE_IDENTIFIER = aziz.thamanyah;
				PRODUCT_NAME = "$(TARGET_NAME)";
				STRING_CATALOG_GENERATE_SYMBOLS = YES;
				SWIFT_APPROACHABLE_CONCURRENCY = YES;
				SWIFT_DEFAULT_ACTOR_ISOLATION = MainActor;
				SWIFT_EMIT_LOC_STRINGS = YES;
				SWIFT_UPCOMING_FEATURE_MEMBER_IMPORT_VISIBILITY = YES;
				SWIFT_VERSION = 5.0;
				TARGETED_DEVICE_FAMILY = "1,2";
			};
			name = Debug;
		};
		8F4E3A772F5A5870002AF59A /* Release */ = {
			isa = XCBuildConfiguration;
			buildSettings = {
				ASSETCATALOG_COMPILER_APPICON_NAME = AppIcon;
				ASSETCATALOG_COMPILER_GLOBAL_ACCENT_COLOR_NAME = AccentColor;
				CODE_SIGN_STYLE = Automatic;
				CURRENT_PROJECT_VERSION = 1;
				DEVELOPMENT_TEAM = AZV7ZYMVRT;
				ENABLE_PREVIEWS = YES;
				GENERATE_INFOPLIST_FILE = YES;
				INFOPLIST_KEY_UIApplicationSceneManifest_Generation = YES;
				INFOPLIST_KEY_UIApplicationSupportsIndirectInputEvents = YES;
				INFOPLIST_KEY_UILaunchScreen_Generation = YES;
				INFOPLIST_KEY_UISupportedInterfaceOrientations_iPad = "UIInterfaceOrientationPortrait UIInterfaceOrientationPortraitUpsideDown UIInterfaceOrientationLandscapeLeft UIInterfaceOrientationLandscapeRight";
				INFOPLIST_KEY_UISupportedInterfaceOrientations_iPhone = "UIInterfaceOrientationPortrait UIInterfaceOrientationLandscapeLeft UIInterfaceOrientationLandscapeRight";
				LD_RUNPATH_SEARCH_PATHS = (
					"$(inherited)",
					"@executable_path/Frameworks",
				);
				MARKETING_VERSION = 1.0;
				PRODUCT_BUNDLE_IDENTIFIER = aziz.thamanyah;
				PRODUCT_NAME = "$(TARGET_NAME)";
				STRING_CATALOG_GENERATE_SYMBOLS = YES;
				SWIFT_APPROACHABLE_CONCURRENCY = YES;
				SWIFT_DEFAULT_ACTOR_ISOLATION = MainActor;
				SWIFT_EMIT_LOC_STRINGS = YES;
				SWIFT_UPCOMING_FEATURE_MEMBER_IMPORT_VISIBILITY = YES;
				SWIFT_VERSION = 5.0;
				TARGETED_DEVICE_FAMILY = "1,2";
			};
			name = Release;
		};
		8F4E3A792F5A5870002AF59A /* Debug */ = {
			isa = XCBuildConfiguration;
			buildSettings = {
				BUNDLE_LOADER = "$(TEST_HOST)";
				CODE_SIGN_STYLE = Automatic;
				CURRENT_PROJECT_VERSION = 1;
				DEVELOPMENT_TEAM = AZV7ZYMVRT;
				GENERATE_INFOPLIST_FILE = YES;
				IPHONEOS_DEPLOYMENT_TARGET = 26.1;
				MARKETING_VERSION = 1.0;
				PRODUCT_BUNDLE_IDENTIFIER = aziz.thamanyahTests;
				PRODUCT_NAME = "$(TARGET_NAME)";
				STRING_CATALOG_GENERATE_SYMBOLS = NO;
				SWIFT_APPROACHABLE_CONCURRENCY = YES;
				SWIFT_EMIT_LOC_STRINGS = NO;
				SWIFT_UPCOMING_FEATURE_MEMBER_IMPORT_VISIBILITY = YES;
				SWIFT_VERSION = 5.0;
				TARGETED_DEVICE_FAMILY = "1,2";
				TEST_HOST = "$(BUILT_PRODUCTS_DIR)/thamanyah.app/$(BUNDLE_EXECUTABLE_FOLDER_PATH)/thamanyah";
			};
			name = Debug;
		};
		8F4E3A7A2F5A5870002AF59A /* Release */ = {
			isa = XCBuildConfiguration;
			buildSettings = {
				BUNDLE_LOADER = "$(TEST_HOST)";
				CODE_SIGN_STYLE = Automatic;
				CURRENT_PROJECT_VERSION = 1;
				DEVELOPMENT_TEAM = AZV7ZYMVRT;
				GENERATE_INFOPLIST_FILE = YES;
				IPHONEOS_DEPLOYMENT_TARGET = 26.1;
				MARKETING_VERSION = 1.0;
				PRODUCT_BUNDLE_IDENTIFIER = aziz.thamanyahTests;
				PRODUCT_NAME = "$(TARGET_NAME)";
				STRING_CATALOG_GENERATE_SYMBOLS = NO;
				SWIFT_APPROACHABLE_CONCURRENCY = YES;
				SWIFT_EMIT_LOC_STRINGS = NO;
				SWIFT_UPCOMING_FEATURE_MEMBER_IMPORT_VISIBILITY = YES;
				SWIFT_VERSION = 5.0;
				TARGETED_DEVICE_FAMILY = "1,2";
				TEST_HOST = "$(BUILT_PRODUCTS_DIR)/thamanyah.app/$(BUNDLE_EXECUTABLE_FOLDER_PATH)/thamanyah";
			};
			name = Release;
		};
		8F4E3A7C2F5A5870002AF59A /* Debug */ = {
			isa = XCBuildConfiguration;
			buildSettings = {
				CODE_SIGN_STYLE = Automatic;
				CURRENT_PROJECT_VERSION = 1;
				DEVELOPMENT_TEAM = AZV7ZYMVRT;
				GENERATE_INFOPLIST_FILE = YES;
				MARKETING_VERSION = 1.0;
				PRODUCT_BUNDLE_IDENTIFIER = aziz.thamanyahUITests;
				PRODUCT_NAME = "$(TARGET_NAME)";
				STRING_CATALOG_GENERATE_SYMBOLS = NO;
				SWIFT_APPROACHABLE_CONCURRENCY = YES;
				SWIFT_EMIT_LOC_STRINGS = NO;
				SWIFT_UPCOMING_FEATURE_MEMBER_IMPORT_VISIBILITY = YES;
				SWIFT_VERSION = 5.0;
				TARGETED_DEVICE_FAMILY = "1,2";
				TEST_TARGET_NAME = thamanyah;
			};
			name = Debug;
		};
		8F4E3A7D2F5A5870002AF59A /* Release */ = {
			isa = XCBuildConfiguration;
			buildSettings = {
				CODE_SIGN_STYLE = Automatic;
				CURRENT_PROJECT_VERSION = 1;
				DEVELOPMENT_TEAM = AZV7ZYMVRT;
				GENERATE_INFOPLIST_FILE = YES;
				MARKETING_VERSION = 1.0;
				PRODUCT_BUNDLE_IDENTIFIER = aziz.thamanyahUITests;
				PRODUCT_NAME = "$(TARGET_NAME)";
				STRING_CATALOG_GENERATE_SYMBOLS = NO;
				SWIFT_APPROACHABLE_CONCURRENCY = YES;
				SWIFT_EMIT_LOC_STRINGS = NO;
				SWIFT_UPCOMING_FEATURE_MEMBER_IMPORT_VISIBILITY = YES;
				SWIFT_VERSION = 5.0;
				TARGETED_DEVICE_FAMILY = "1,2";
				TEST_TARGET_NAME = thamanyah;
			};
			name = Release;
		};
/* End XCBuildConfiguration section */

/* Begin XCConfigurationList section */
		8F4E3A4F2F5A586F002AF59A /* Build configuration list for PBXProject "thamanyah" */ = {
			isa = XCConfigurationList;
			buildConfigurations = (
				8F4E3A732F5A5870002AF59A /* Debug */,
				8F4E3A742F5A5870002AF59A /* Release */,
			);
			defaultConfigurationIsVisible = 0;
			defaultConfigurationName = Release;
		};
		8F4E3A752F5A5870002AF59A /* Build configuration list for PBXNativeTarget "thamanyah" */ = {
			isa = XCConfigurationList;
			buildConfigurations = (
				8F4E3A762F5A5870002AF59A /* Debug */,
				8F4E3A772F5A5870002AF59A /* Release */,
			);
			defaultConfigurationIsVisible = 0;
			defaultConfigurationName = Release;
		};
		8F4E3A782F5A5870002AF59A /* Build configuration list for PBXNativeTarget "thamanyahTests" */ = {
			isa = XCConfigurationList;
			buildConfigurations = (
				8F4E3A792F5A5870002AF59A /* Debug */,
				8F4E3A7A2F5A5870002AF59A /* Release */,
			);
			defaultConfigurationIsVisible = 0;
			defaultConfigurationName = Release;
		};
		8F4E3A7B2F5A5870002AF59A /* Build configuration list for PBXNativeTarget "thamanyahUITests" */ = {
			isa = XCConfigurationList;
			buildConfigurations = (
				8F4E3A7C2F5A5870002AF59A /* Debug */,
				8F4E3A7D2F5A5870002AF59A /* Release */,
			);
			defaultConfigurationIsVisible = 0;
			defaultConfigurationName = Release;
		};
/* End XCConfigurationList section */

/* Begin XCRemoteSwiftPackageReference section */
		8F4E3AAC2F5A5EC4002AF59A /* XCRemoteSwiftPackageReference "Network-Kit" */ = {
			isa = XCRemoteSwiftPackageReference;
			repositoryURL = "https://github.com/Ibrahim3ziz/Network-Kit";
			requirement = {
				branch = main;
				kind = branch;
			};
		};
/* End XCRemoteSwiftPackageReference section */

/* Begin XCSwiftPackageProductDependency section */
		8F4E3AAD2F5A5EC4002AF59A /* NetworkKit */ = {
			isa = XCSwiftPackageProductDependency;
			package = 8F4E3AAC2F5A5EC4002AF59A /* XCRemoteSwiftPackageReference "Network-Kit" */;
			productName = NetworkKit;
		};
/* End XCSwiftPackageProductDependency section */
	};
	rootObject = 8F4E3A4C2F5A586F002AF59A /* Project object */;
}
